{
    "_readme": [
        "This file locks the dependencies of your project to a known state",
        "Read more about it at http://getcomposer.org/doc/01-basic-usage.md#composer-lock-the-lock-file",
        "This file is @generated automatically"
    ],
    "hash": "f00b70f543bfc926a26534d63ff7245f",
    "packages": [
        {
            "name": "techpush/bella.php",
            "version": "dev-master",
            "source": {
                "type": "git",
                "url": "https://github.com/techpush/bella.php.git",
                "reference": "69a03e3cc6836f011cd05430b9af26a456299276"
            },
            "dist": {
                "type": "zip",
                "url": "https://api.github.com/repos/techpush/bella.php/zipball/69a03e3cc6836f011cd05430b9af26a456299276",
                "reference": "69a03e3cc6836f011cd05430b9af26a456299276",
                "shasum": ""
            },
            "type": "library",
            "autoload": {
                "psr-0": {
                    "Bella\\": "src/"
                }
            },
            "notification-url": "https://packagist.org/downloads/",
            "license": [
                "MIT"
            ],
            "authors": [
                {
                    "name": "Dong Nguyen",
                    "email": "ndaidong@techpush.net"
                }
            ],
            "description": "A simple library for building web application",
            "homepage": "https://github.com/techpush/bella.php",
            "time": "2014-12-07 14:19:42"
        },
        {
            "name": "xamin/handlebars.php",
            "version": "dev-master",
            "source": {
                "type": "git",
                "url": "https://github.com/XaminProject/handlebars.php.git",
                "reference": "c0c58a2a858e8b4021825a86c30daaf6c9b7a092"
            },
            "dist": {
                "type": "zip",
                "url": "https://api.github.com/repos/XaminProject/handlebars.php/zipball/c0c58a2a858e8b4021825a86c30daaf6c9b7a092",
                "reference": "c0c58a2a858e8b4021825a86c30daaf6c9b7a092",
                "shasum": ""
            },
            "require-dev": {
                "phpunit/phpunit": "~4.4",
                "squizlabs/php_codesniffer": "~1.5"
            },
            "type": "library",
            "autoload": {
                "psr-0": {
                    "Handlebars": "src/"
                }
            },
            "notification-url": "https://packagist.org/downloads/",
            "license": [
                "MIT"
            ],
            "authors": [
                {
                    "name": "fzerorubigd",
                    "email": "fzerorubigd@gmail.com"
                },
                {
                    "name": "Behrooz Shabani (everplays)",
                    "email": "everplays@gmail.com"
                }
            ],
            "description": "Handlebars processor for php",
            "homepage": "https://github.com/XaminProject/handlebars.php",
            "time": "2015-03-10 17:40:52"
        }
    ],
    "packages-dev": [],
    "aliases": [],
    "minimum-stability": "stable",
    "stability-flags": {
        "xamin/handlebars.php": 20,
        "techpush/bella.php": 20
    },
    "prefer-stable": false,
    "prefer-lowest": false,
    "platform": [],
    "platform-dev": []
}
